
Microsoft Visual Studio Solution File, Format Version 9.00
# Visual Studio 2005
Project("{FAE04EC0-301F-11D3-BF4B-00C04F79EFBC}") = "RSS.NET", "RSS.NET.csproj", "{C42FC014-7E12-4FAF-9BC9-79BF1529440D}"
EndProject
Global
	GlobalSection(SolutionConfigurationPlatforms) = preSolution
		Debug|Any CPU = Debug|Any CPU
		Release|Any CPU = Release|Any CPU
	EndGlobalSection
	GlobalSection(ProjectConfigurationPlatforms) = postSolution
		{C42FC014-7E12-4FAF-9BC9-79BF1529440D}.Debug|Any CPU.ActiveCfg = Debug|Any CPU
		{C42FC014-7E12-4FAF-9BC9-79BF1529440D}.Debug|Any CPU.Build.0 = Debug|Any CPU
		{C42FC014-7E12-4FAF-9BC9-79BF1529440D}.Release|Any CPU.ActiveCfg = Release|Any CPU
		{C42FC014-7E12-4FAF-9BC9-79BF1529440D}.Release|Any CPU.Build.0 = Release|Any CPU
	EndGlobalSection
	GlobalSection(SolutionProperties) = preSolution
		HideSolutionNode = FALSE
	EndGlobalSection
EndGlobal
